
Microsoft Visual Studio Solution File, Format Version 12.00
# Visual Studio Version 16
VisualStudioVersion = 16.0.29215.179
MinimumVisualStudioVersion = 10.0.40219.1
Project("{FAE04EC0-301F-11D3-BF4B-00C04F79EFBC}") = "MyMerchTracker", "MyMerchTracker.csproj", "{EFCD2161-EC91-41F7-A321-1E0484AA7823}"
EndProject
Global
	GlobalSection(SolutionConfigurationPlatforms) = preSolution
		Debug|Any CPU = Debug|Any CPU
		Release|Any CPU = Release|Any CPU
	EndGlobalSection
	GlobalSection(ProjectConfigurationPlatforms) = postSolution
		{EFCD2161-EC91-41F7-A321-1E0484AA7823}.Debug|Any CPU.ActiveCfg = Debug|Any CPU
		{EFCD2161-EC91-41F7-A321-1E0484AA7823}.Debug|Any CPU.Build.0 = Debug|Any CPU
		{EFCD2161-EC91-41F7-A321-1E0484AA7823}.Release|Any CPU.ActiveCfg = Release|Any CPU
		{EFCD2161-EC91-41F7-A321-1E0484AA7823}.Release|Any CPU.Build.0 = Release|Any CPU
	EndGlobalSection
	GlobalSection(SolutionProperties) = preSolution
		HideSolutionNode = FALSE
	EndGlobalSection
	GlobalSection(ExtensibilityGlobals) = postSolution
		SolutionGuid = {38152174-C6A9-43ED-B3E1-D1E55BF6712D}
	EndGlobalSection
EndGlobal
